// !$*UTF8*$!
{
	archiveVersion = 1;
	classes = {
	};
	objectVersion = 50;
	objects = {

/* Begin PBXBuildFile section */
		366F0DA223AFAE5C0015A228 /* AppDelegate.swift in Sources */ = {isa = PBXBuildFile; fileRef = 366F0DA123AFAE5C0015A228 /* AppDelegate.swift */; };
		366F0DA423AFAE5C0015A228 /* SceneDelegate.swift in Sources */ = {isa = PBXBuildFile; fileRef = 366F0DA323AFAE5C0015A228 /* SceneDelegate.swift */; };
		366F0DA623AFAE5C0015A228 /* ViewController.swift in Sources */ = {isa = PBXBuildFile; fileRef = 366F0DA523AFAE5C0015A228 /* ViewController.swift */; };
		366F0DA923AFAE5C0015A228 /* Main.storyboard in Resources */ = {isa = PBXBuildFile; fileRef = 366F0DA723AFAE5C0015A228 /* Main.storyboard */; };
		366F0DAB23AFAE5D0015A228 /* Assets.xcassets in Resources */ = {isa = PBXBuildFile; fileRef = 366F0DAA23AFAE5D0015A228 /* Assets.xcassets */; };
		366F0DAE23AFAE5D0015A228 /* LaunchScreen.storyboard in Resources */ = {isa = PBXBuildFile; fileRef = 366F0DAC23AFAE5D0015A228 /* LaunchScreen.storyboard */; };
		366F0DB623AFAEC40015A228 /* MenuViewController.swift in Sources */ = {isa = PBXBuildFile; fileRef = 366F0DB523AFAEC40015A228 /* MenuViewController.swift */; };
		366F0DB823AFB4210015A228 /* SlideInTransition.swift in Sources */ = {isa = PBXBuildFile; fileRef = 366F0DB723AFB4210015A228 /* SlideInTransition.swift */; };
/* End PBXBuildFile section */

/* Begin PBXFileReference section */
		366F0D9E23AFAE5C0015A228 /* Slider-Menu.app */ = {isa = PBXFileReference; explicitFileType = wrapper.application; includeInIndex = 0; path = "Slider-Menu.app"; sourceTree = BUILT_PRODUCTS_DIR; };
		366F0DA123AFAE5C0015A228 /* AppDelegate.swift */ = {isa = PBXFileReference; lastKnownFileType = sourcecode.swift; path = AppDelegate.swift; sourceTree = "<group>"; };
		366F0DA323AFAE5C0015A228 /* SceneDelegate.swift */ = {isa = PBXFileReference; lastKnownFileType = sourcecode.swift; path = SceneDelegate.swift; sourceTree = "<group>"; };
		366F0DA523AFAE5C0015A228 /* ViewController.swift */ = {isa = PBXFileReference; lastKnownFileType = sourcecode.swift; path = ViewController.swift; sourceTree = "<group>"; };
		366F0DA823AFAE5C0015A228 /* Base */ = {isa = PBXFileReference; lastKnownFileType = file.storyboard; name = Base; path = Base.lproj/Main.storyboard; sourceTree = "<group>"; };
		366F0DAA23AFAE5D0015A228 /* Assets.xcassets */ = {isa = PBXFileReference; lastKnownFileType = folder.assetcatalog; path = Assets.xcassets; sourceTree = "<group>"; };
		366F0DAD23AFAE5D0015A228 /* Base */ = {isa = PBXFileReference; lastKnownFileType = file.storyboard; name = Base; path = Base.lproj/LaunchScreen.storyboard; sourceTree = "<group>"; };
		366F0DAF23AFAE5D0015A228 /* Info.plist */ = {isa = PBXFileReference; lastKnownFileType = text.plist.xml; path = Info.plist; sourceTree = "<group>"; };
		366F0DB523AFAEC40015A228 /* MenuViewController.swift */ = {isa = PBXFileReference; lastKnownFileType = sourcecode.swift; path = MenuViewController.swift; sourceTree = "<group>"; };
		366F0DB723AFB4210015A228 /* SlideInTransition.swift */ = {isa = PBXFileReference; fileEncoding = 4; lastKnownFileType = sourcecode.swift; path = SlideInTransition.swift; sourceTree = "<group>"; };
/* End PBXFileReference section */

/* Begin PBXFrameworksBuildPhase section */
		366F0D9B23AFAE5C0015A228 /* Frameworks */ = {
			isa = PBXFrameworksBuildPhase;
			buildActionMask = 2147483647;
			files = (
			);
			runOnlyForDeploymentPostprocessing = 0;
		};
/* End PBXFrameworksBuildPhase section */

/* Begin PBXGroup section */
		366F0D9523AFAE5C0015A228 = {
			isa = PBXGroup;
			children = (
				366F0DA023AFAE5C0015A228 /* Slider-Menu */,
				366F0D9F23AFAE5C0015A228 /* Products */,
			);
			sourceTree = "<group>";
		};
		366F0D9F23AFAE5C0015A228 /* Products */ = {
			isa = PBXGroup;
			children = (
				366F0D9E23AFAE5C0015A228 /* Slider-Menu.app */,
			);
			name = Products;
			sourceTree = "<group>";
		};
		366F0DA023AFAE5C0015A228 /* Slider-Menu */ = {
			isa = PBXGroup;
			children = (
				366F0DA123AFAE5C0015A228 /* AppDelegate.swift */,
				366F0DA323AFAE5C0015A228 /* SceneDelegate.swift */,
				366F0DA523AFAE5C0015A228 /* ViewController.swift */,
				366F0DB523AFAEC40015A228 /* MenuViewController.swift */,
				366F0DB723AFB4210015A228 /* SlideInTransition.swift */,
				366F0DA723AFAE5C0015A228 /* Main.storyboard */,
				366F0DAA23AFAE5D0015A228 /* Assets.xcassets */,
				366F0DAC23AFAE5D0015A228 /* LaunchScreen.storyboard */,
				366F0DAF23AFAE5D0015A228 /* Info.plist */,
			);
			path = "Slider-Menu";
			sourceTree = "<group>";
		};
/* End PBXGroup section */

/* Begin PBXNativeTarget section */
		366F0D9D23AFAE5C0015A228 /* Slider-Menu */ = {
			isa = PBXNativeTarget;
			buildConfigurationList = 366F0DB223AFAE5D0015A228 /* Build configuration list for PBXNativeTarget "Slider-Menu" */;
			buildPhases = (
				366F0D9A23AFAE5C0015A228 /* Sources */,
				366F0D9B23AFAE5C0015A228 /* Frameworks */,
				366F0D9C23AFAE5C0015A228 /* Resources */,
			);
			buildRules = (
			);
			dependencies = (
			);
			name = "Slider-Menu";
			productName = "Slider-Menu";
			productReference = 366F0D9E23AFAE5C0015A228 /* Slider-Menu.app */;
			productType = "com.apple.product-type.application";
		};
/* End PBXNativeTarget section */

/* Begin PBXProject section */
		366F0D9623AFAE5C0015A228 /* Project object */ = {
			isa = PBXProject;
			attributes = {
				LastSwiftUpdateCheck = 1110;
				LastUpgradeCheck = 1110;
				ORGANIZATIONNAME = "Aykut Doğru";
				TargetAttributes = {
					366F0D9D23AFAE5C0015A228 = {
						CreatedOnToolsVersion = 11.1;
					};
				};
			};
			buildConfigurationList = 366F0D9923AFAE5C0015A228 /* Build configuration list for PBXProject "Slider-Menu" */;
			compatibilityVersion = "Xcode 9.3";
			developmentRegion = en;
			hasScannedForEncodings = 0;
			knownRegions = (
				en,
				Base,
			);
			mainGroup = 366F0D9523AFAE5C0015A228;
			productRefGroup = 366F0D9F23AFAE5C0015A228 /* Products */;
			projectDirPath = "";
			projectRoot = "";
			targets = (
				366F0D9D23AFAE5C0015A228 /* Slider-Menu */,
			);
		};
/* End PBXProject section */

/* Begin PBXResourcesBuildPhase section */
		366F0D9C23AFAE5C0015A228 /* Resources */ = {
			isa = PBXResourcesBuildPhase;
			buildActionMask = 2147483647;
			files = (
				366F0DAE23AFAE5D0015A228 /* LaunchScreen.storyboard in Resources */,
				366F0DAB23AFAE5D0015A228 /* Assets.xcassets in Resources */,
				366F0DA923AFAE5C0015A228 /* Main.storyboard in Resources */,
			);
			runOnlyForDeploymentPostprocessing = 0;
		};
/* End PBXResourcesBuildPhase section */

/* Begin PBXSourcesBuildPhase section */
		366F0D9A23AFAE5C0015A228 /* Sources */ = {
			isa = PBXSourcesBuildPhase;
			buildActionMask = 2147483647;
			files = (
				366F0DA623AFAE5C0015A228 /* ViewController.swift in Sources */,
				366F0DA223AFAE5C0015A228 /* AppDelegate.swift in Sources */,
				366F0DA423AFAE5C0015A228 /* SceneDelegate.swift in Sources */,
				366F0DB623AFAEC40015A228 /* MenuViewController.swift in Sources */,
				366F0DB823AFB4210015A228 /* SlideInTransition.swift in Sources */,
			);
			runOnlyForDeploymentPostprocessing = 0;
		};
/* End PBXSourcesBuildPhase section */

/* Begin PBXVariantGroup section */
		366F0DA723AFAE5C0015A228 /* Main.storyboard */ = {
			isa = PBXVariantGroup;
			children = (
				366F0DA823AFAE5C0015A228 /* Base */,
			);
			name = Main.storyboard;
			sourceTree = "<group>";
		};
		366F0DAC23AFAE5D0015A228 /* LaunchScreen.storyboard */ = {
			isa = PBXVariantGroup;
			children = (
				366F0DAD23AFAE5D0015A228 /* Base */,
			);
			name = LaunchScreen.storyboard;
			sourceTree = "<group>";
		};
/* End PBXVariantGroup section */

/* Begin XCBuildConfiguration section */
		366F0DB023AFAE5D0015A228 /* Debug */ = {
			isa = XCBuildConfiguration;
			buildSettings = {
				ALWAYS_SEARCH_USER_PATHS = NO;
				CLANG_ANALYZER_NONNULL = YES;
				CLANG_ANALYZER_NUMBER_OBJECT_CONVERSION = YES_AGGRESSIVE;
				CLANG_CXX_LANGUAGE_STANDARD = "gnu++14";
				CLANG_CXX_LIBRARY = "libc++";
				CLANG_ENABLE_MODULES = YES;
				CLANG_ENABLE_OBJC_ARC = YES;
				CLANG_ENABLE_OBJC_WEAK = YES;
				CLANG_WARN_BLOCK_CAPTURE_AUTORELEASING = YES;
				CLANG_WARN_BOOL_CONVERSION = YES;
				CLANG_WARN_COMMA = YES;
				CLANG_WARN_CONSTANT_CONVERSION = YES;
				CLANG_WARN_DEPRECATED_OBJC_IMPLEMENTATIONS = YES;
				CLANG_WARN_DIRECT_OBJC_ISA_USAGE = YES_ERROR;
				CLANG_WARN_DOCUMENTATION_COMMENTS = YES;
				CLANG_WARN_EMPTY_BODY = YES;
				CLANG_WARN_ENUM_CONVERSION = YES;
				CLANG_WARN_INFINITE_RECURSION = YES;
				CLANG_WARN_INT_CONVERSION = YES;
				CLANG_WARN_NON_LITERAL_NULL_CONVERSION = YES;
				CLANG_WARN_OBJC_IMPLICIT_RETAIN_SELF = YES;
				CLANG_WARN_OBJC_LITERAL_CONVERSION = YES;
				CLANG_WARN_OBJC_ROOT_CLASS = YES_ERROR;
				CLANG_WARN_RANGE_LOOP_ANALYSIS = YES;
				CLANG_WARN_STRICT_PROTOTYPES = YES;
				CLANG_WARN_SUSPICIOUS_MOVE = YES;
				CLANG_WARN_UNGUARDED_AVAILABILITY = YES_AGGRESSIVE;
				CLANG_WARN_UNREACHABLE_CODE = YES;
				CLANG_WARN__DUPLICATE_METHOD_MATCH = YES;
				COPY_PHASE_STRIP = NO;
				DEBUG_INFORMATION_FORMAT = dwarf;
				ENABLE_STRICT_OBJC_MSGSEND = YES;
				ENABLE_TESTABILITY = YES;
				GCC_C_LANGUAGE_STANDARD = gnu11;
				GCC_DYNAMIC_NO_PIC = NO;
				GCC_NO_COMMON_BLOCKS = YES;
				GCC_OPTIMIZATION_LEVEL = 0;
				GCC_PREPROCESSOR_DEFINITIONS = (
					"DEBUG=1",
					"$(inherited)",
				);
				GCC_WARN_64_TO_32_BIT_CONVERSION = YES;
				GCC_WARN_ABOUT_RETURN_TYPE = YES_ERROR;
				GCC_WARN_UNDECLARED_SELECTOR = YES;
				GCC_WARN_UNINITIALIZED_AUTOS = YES_AGGRESSIVE;
				GCC_WARN_UNUSED_FUNCTION = YES;
				GCC_WARN_UNUSED_VARIABLE = YES;
				IPHONEOS_DEPLOYMENT_TARGET = 13.1;
				MTL_ENABLE_DEBUG_INFO = INCLUDE_SOURCE;
				MTL_FAST_MATH = YES;
				ONLY_ACTIVE_ARCH = YES;
				SDKROOT = iphoneos;
				SWIFT_ACTIVE_COMPILATION_CONDITIONS = DEBUG;
				SWIFT_OPTIMIZATION_LEVEL = "-Onone";
			};
			name = Debug;
		};
		366F0DB123AFAE5D0015A228 /* Release */ = {
			isa = XCBuildConfiguration;
			buildSettings = {
				ALWAYS_SEARCH_USER_PATHS = NO;
				CLANG_ANALYZER_NONNULL = YES;
				CLANG_ANALYZER_NUMBER_OBJECT_CONVERSION = YES_AGGRESSIVE;
				CLANG_CXX_LANGUAGE_STANDARD = "gnu++14";
				CLANG_CXX_LIBRARY = "libc++";
				CLANG_ENABLE_MODULES = YES;
				CLANG_ENABLE_OBJC_ARC = YES;
				CLANG_ENABLE_OBJC_WEAK = YES;
				CLANG_WARN_BLOCK_CAPTURE_AUTORELEASING = YES;
				CLANG_WARN_BOOL_CONVERSION = YES;
				CLANG_WARN_COMMA = YES;
				CLANG_WARN_CONSTANT_CONVERSION = YES;
				CLANG_WARN_DEPRECATED_OBJC_IMPLEMENTATIONS = YES;
				CLANG_WARN_DIRECT_OBJC_ISA_USAGE = YES_ERROR;
				CLANG_WARN_DOCUMENTATION_COMMENTS = YES;
				CLANG_WARN_EMPTY_BODY = YES;
				CLANG_WARN_ENUM_CONVERSION = YES;
				CLANG_WARN_INFINITE_RECURSION = YES;
				CLANG_WARN_INT_CONVERSION = YES;
				CLANG_WARN_NON_LITERAL_NULL_CONVERSION = YES;
				CLANG_WARN_OBJC_IMPLICIT_RETAIN_SELF = YES;
				CLANG_WARN_OBJC_LITERAL_CONVERSION = YES;
				CLANG_WARN_OBJC_ROOT_CLASS = YES_ERROR;
				CLANG_WARN_RANGE_LOOP_ANALYSIS = YES;
				CLANG_WARN_STRICT_PROTOTYPES = YES;
				CLANG_WARN_SUSPICIOUS_MOVE = YES;
				CLANG_WARN_UNGUARDED_AVAILABILITY = YES_AGGRESSIVE;
				CLANG_WARN_UNREACHABLE_CODE = YES;
				CLANG_WARN__DUPLICATE_METHOD_MATCH = YES;
				COPY_PHASE_STRIP = NO;
				DEBUG_INFORMATION_FORMAT = "dwarf-with-dsym";
				ENABLE_NS_ASSERTIONS = NO;
				ENABLE_STRICT_OBJC_MSGSEND = YES;
				GCC_C_LANGUAGE_STANDARD = gnu11;
				GCC_NO_COMMON_BLOCKS = YES;
				GCC_WARN_64_TO_32_BIT_CONVERSION = YES;
				GCC_WARN_ABOUT_RETURN_TYPE = YES_ERROR;
				GCC_WARN_UNDECLARED_SELECTOR = YES;
				GCC_WARN_UNINITIALIZED_AUTOS = YES_AGGRESSIVE;
				GCC_WARN_UNUSED_FUNCTION = YES;
				GCC_WARN_UNUSED_VARIABLE = YES;
				IPHONEOS_DEPLOYMENT_TARGET = 13.1;
				MTL_ENABLE_DEBUG_INFO = NO;
				MTL_FAST_MATH = YES;
				SDKROOT = iphoneos;
				SWIFT_COMPILATION_MODE = wholemodule;
				SWIFT_OPTIMIZATION_LEVEL = "-O";
				VALIDATE_PRODUCT = YES;
			};
			name = Release;
		};
		366F0DB323AFAE5D0015A228 /* Debug */ = {
			isa = XCBuildConfiguration;
			buildSettings = {
				ASSETCATALOG_COMPILER_APPICON_NAME = AppIcon;
				CODE_SIGN_STYLE = Automatic;
				INFOPLIST_FILE = "Slider-Menu/Info.plist";
				IPHONEOS_DEPLOYMENT_TARGET = 13.2;
				LD_RUNPATH_SEARCH_PATHS = (
					"$(inherited)",
					"@executable_path/Frameworks",
				);
				PRODUCT_BUNDLE_IDENTIFIER = "ios.test.test.Slider-Menu";
				PRODUCT_NAME = "$(TARGET_NAME)";
				SWIFT_VERSION = 5.0;
				TARGETED_DEVICE_FAMILY = "1,2";
			};
			name = Debug;
		};
		366F0DB423AFAE5D0015A228 /* Release */ = {
			isa = XCBuildConfiguration;
			buildSettings = {
				ASSETCATALOG_COMPILER_APPICON_NAME = AppIcon;
				CODE_SIGN_STYLE = Automatic;
				INFOPLIST_FILE = "Slider-Menu/Info.plist";
				IPHONEOS_DEPLOYMENT_TARGET = 13.2;
				LD_RUNPATH_SEARCH_PATHS = (
					"$(inherited)",
					"@executable_path/Frameworks",
				);
				PRODUCT_BUNDLE_IDENTIFIER = "ios.test.test.Slider-Menu";
				PRODUCT_NAME = "$(TARGET_NAME)";
				SWIFT_VERSION = 5.0;
				TARGETED_DEVICE_FAMILY = "1,2";
			};
			name = Release;
		};
/* End XCBuildConfiguration section */

/* Begin XCConfigurationList section */
		366F0D9923AFAE5C0015A228 /* Build configuration list for PBXProject "Slider-Menu" */ = {
			isa = XCConfigurationList;
			buildConfigurations = (
				366F0DB023AFAE5D0015A228 /* Debug */,
				366F0DB123AFAE5D0015A228 /* Release */,
			);
			defaultConfigurationIsVisible = 0;
			defaultConfigurationName = Release;
		};
		366F0DB223AFAE5D0015A228 /* Build configuration list for PBXNativeTarget "Slider-Menu" */ = {
			isa = XCConfigurationList;
			buildConfigurations = (
				366F0DB323AFAE5D0015A228 /* Debug */,
				366F0DB423AFAE5D0015A228 /* Release */,
			);
			defaultConfigurationIsVisible = 0;
			defaultConfigurationName = Release;
		};
/* End XCConfigurationList section */
	};
	rootObject = 366F0D9623AFAE5C0015A228 /* Project object */;
}
